
Microsoft Visual Studio Solution File, Format Version 12.00
# Visual Studio 15
VisualStudioVersion = 15.0.26124.0
MinimumVisualStudioVersion = 15.0.26124.0
Project("{2150E333-8FDC-42A3-9474-1A3956D46DE8}") = "src", "src", "{B2C3AA81-8A35-4AC7-8195-A567D85604CE}"
EndProject
Project("{2150E333-8FDC-42A3-9474-1A3956D46DE8}") = "Services", "Services", "{4EEE524B-3F8D-4926-9E3A-F766A3FA7191}"
EndProject
Project("{2150E333-8FDC-42A3-9474-1A3956D46DE8}") = "Serveur", "Serveur", "{5EC7FF99-B92B-496B-9E85-B326F824A87D}"
EndProject
Project("{FAE04EC0-301F-11D3-BF4B-00C04F79EFBC}") = "Serveur.API", "src\Services\Serveur\Serveur.API\Serveur.API.csproj", "{C53CE110-F4A6-4A7D-B245-ACA80056CCD7}"
EndProject
Project("{2150E333-8FDC-42A3-9474-1A3956D46DE8}") = "Web", "Web", "{7755641C-EDD5-4235-ACE7-462F5C5118FE}"
EndProject
Project("{FAE04EC0-301F-11D3-BF4B-00C04F79EFBC}") = "WebSPA", "src\Web\WebSPA\WebSPA.csproj", "{79498A6A-0277-4319-AE11-A611374AFDB9}"
EndProject
Project("{FAE04EC0-301F-11D3-BF4B-00C04F79EFBC}") = "WebStatus", "src\Web\WebStatus\WebStatus.csproj", "{D1127E23-B029-4627-97B5-3385FF3E6CFB}"
EndProject
Global
	GlobalSection(SolutionConfigurationPlatforms) = preSolution
		Debug|Any CPU = Debug|Any CPU
		Debug|x64 = Debug|x64
		Debug|x86 = Debug|x86
		Release|Any CPU = Release|Any CPU
		Release|x64 = Release|x64
		Release|x86 = Release|x86
	EndGlobalSection
	GlobalSection(SolutionProperties) = preSolution
		HideSolutionNode = FALSE
	EndGlobalSection
	GlobalSection(ProjectConfigurationPlatforms) = postSolution
		{C53CE110-F4A6-4A7D-B245-ACA80056CCD7}.Debug|Any CPU.ActiveCfg = Debug|Any CPU
		{C53CE110-F4A6-4A7D-B245-ACA80056CCD7}.Debug|Any CPU.Build.0 = Debug|Any CPU
		{C53CE110-F4A6-4A7D-B245-ACA80056CCD7}.Debug|x64.ActiveCfg = Debug|Any CPU
		{C53CE110-F4A6-4A7D-B245-ACA80056CCD7}.Debug|x64.Build.0 = Debug|Any CPU
		{C53CE110-F4A6-4A7D-B245-ACA80056CCD7}.Debug|x86.ActiveCfg = Debug|Any CPU
		{C53CE110-F4A6-4A7D-B245-ACA80056CCD7}.Debug|x86.Build.0 = Debug|Any CPU
		{C53CE110-F4A6-4A7D-B245-ACA80056CCD7}.Release|Any CPU.ActiveCfg = Release|Any CPU
		{C53CE110-F4A6-4A7D-B245-ACA80056CCD7}.Release|Any CPU.Build.0 = Release|Any CPU
		{C53CE110-F4A6-4A7D-B245-ACA80056CCD7}.Release|x64.ActiveCfg = Release|Any CPU
		{C53CE110-F4A6-4A7D-B245-ACA80056CCD7}.Release|x64.Build.0 = Release|Any CPU
		{C53CE110-F4A6-4A7D-B245-ACA80056CCD7}.Release|x86.ActiveCfg = Release|Any CPU
		{C53CE110-F4A6-4A7D-B245-ACA80056CCD7}.Release|x86.Build.0 = Release|Any CPU
		{79498A6A-0277-4319-AE11-A611374AFDB9}.Debug|Any CPU.ActiveCfg = Debug|Any CPU
		{79498A6A-0277-4319-AE11-A611374AFDB9}.Debug|Any CPU.Build.0 = Debug|Any CPU
		{79498A6A-0277-4319-AE11-A611374AFDB9}.Debug|x64.ActiveCfg = Debug|Any CPU
		{79498A6A-0277-4319-AE11-A611374AFDB9}.Debug|x64.Build.0 = Debug|Any CPU
		{79498A6A-0277-4319-AE11-A611374AFDB9}.Debug|x86.ActiveCfg = Debug|Any CPU
		{79498A6A-0277-4319-AE11-A611374AFDB9}.Debug|x86.Build.0 = Debug|Any CPU
		{79498A6A-0277-4319-AE11-A611374AFDB9}.Release|Any CPU.ActiveCfg = Release|Any CPU
		{79498A6A-0277-4319-AE11-A611374AFDB9}.Release|Any CPU.Build.0 = Release|Any CPU
		{79498A6A-0277-4319-AE11-A611374AFDB9}.Release|x64.ActiveCfg = Release|Any CPU
		{79498A6A-0277-4319-AE11-A611374AFDB9}.Release|x64.Build.0 = Release|Any CPU
		{79498A6A-0277-4319-AE11-A611374AFDB9}.Release|x86.ActiveCfg = Release|Any CPU
		{79498A6A-0277-4319-AE11-A611374AFDB9}.Release|x86.Build.0 = Release|Any CPU
		{D1127E23-B029-4627-97B5-3385FF3E6CFB}.Debug|Any CPU.ActiveCfg = Debug|Any CPU
		{D1127E23-B029-4627-97B5-3385FF3E6CFB}.Debug|Any CPU.Build.0 = Debug|Any CPU
		{D1127E23-B029-4627-97B5-3385FF3E6CFB}.Debug|x64.ActiveCfg = Debug|Any CPU
		{D1127E23-B029-4627-97B5-3385FF3E6CFB}.Debug|x64.Build.0 = Debug|Any CPU
		{D1127E23-B029-4627-97B5-3385FF3E6CFB}.Debug|x86.ActiveCfg = Debug|Any CPU
		{D1127E23-B029-4627-97B5-3385FF3E6CFB}.Debug|x86.Build.0 = Debug|Any CPU
		{D1127E23-B029-4627-97B5-3385FF3E6CFB}.Release|Any CPU.ActiveCfg = Release|Any CPU
		{D1127E23-B029-4627-97B5-3385FF3E6CFB}.Release|Any CPU.Build.0 = Release|Any CPU
		{D1127E23-B029-4627-97B5-3385FF3E6CFB}.Release|x64.ActiveCfg = Release|Any CPU
		{D1127E23-B029-4627-97B5-3385FF3E6CFB}.Release|x64.Build.0 = Release|Any CPU
		{D1127E23-B029-4627-97B5-3385FF3E6CFB}.Release|x86.ActiveCfg = Release|Any CPU
		{D1127E23-B029-4627-97B5-3385FF3E6CFB}.Release|x86.Build.0 = Release|Any CPU
	EndGlobalSection
	GlobalSection(NestedProjects) = preSolution
		{4EEE524B-3F8D-4926-9E3A-F766A3FA7191} = {B2C3AA81-8A35-4AC7-8195-A567D85604CE}
		{5EC7FF99-B92B-496B-9E85-B326F824A87D} = {4EEE524B-3F8D-4926-9E3A-F766A3FA7191}
		{C53CE110-F4A6-4A7D-B245-ACA80056CCD7} = {5EC7FF99-B92B-496B-9E85-B326F824A87D}
		{7755641C-EDD5-4235-ACE7-462F5C5118FE} = {B2C3AA81-8A35-4AC7-8195-A567D85604CE}
		{79498A6A-0277-4319-AE11-A611374AFDB9} = {7755641C-EDD5-4235-ACE7-462F5C5118FE}
		{D1127E23-B029-4627-97B5-3385FF3E6CFB} = {7755641C-EDD5-4235-ACE7-462F5C5118FE}
	EndGlobalSection
EndGlobal
