
Microsoft Visual Studio Solution File, Format Version 12.00
# Visual Studio 15
VisualStudioVersion = 15.0.26124.0
MinimumVisualStudioVersion = 15.0.26124.0
Project("{FAE04EC0-301F-11D3-BF4B-00C04F79EFBC}") = "Inventaire.Api", "Inventaire.Api\Inventaire.Api.csproj", "{097C45B4-C66D-4827-8DE1-D292B1F25DE7}"
EndProject
Project("{FAE04EC0-301F-11D3-BF4B-00C04F79EFBC}") = "Inventaire.Domain", "Inventaire.Domain\Inventaire.Domain.csproj", "{32447C41-BD20-416E-9B65-F07AB4F77534}"
EndProject
Project("{FAE04EC0-301F-11D3-BF4B-00C04F79EFBC}") = "Inventaire.Infrastructure", "Inventaire.Infrastructure\Inventaire.Infrastructure.csproj", "{E9257DF3-C964-4A84-82EF-1D516CE8E562}"
EndProject
Global
	GlobalSection(SolutionConfigurationPlatforms) = preSolution
		Debug|Any CPU = Debug|Any CPU
		Debug|x64 = Debug|x64
		Debug|x86 = Debug|x86
		Release|Any CPU = Release|Any CPU
		Release|x64 = Release|x64
		Release|x86 = Release|x86
	EndGlobalSection
	GlobalSection(SolutionProperties) = preSolution
		HideSolutionNode = FALSE
	EndGlobalSection
	GlobalSection(ProjectConfigurationPlatforms) = postSolution
		{097C45B4-C66D-4827-8DE1-D292B1F25DE7}.Debug|Any CPU.ActiveCfg = Debug|Any CPU
		{097C45B4-C66D-4827-8DE1-D292B1F25DE7}.Debug|Any CPU.Build.0 = Debug|Any CPU
		{097C45B4-C66D-4827-8DE1-D292B1F25DE7}.Debug|x64.ActiveCfg = Debug|Any CPU
		{097C45B4-C66D-4827-8DE1-D292B1F25DE7}.Debug|x64.Build.0 = Debug|Any CPU
		{097C45B4-C66D-4827-8DE1-D292B1F25DE7}.Debug|x86.ActiveCfg = Debug|Any CPU
		{097C45B4-C66D-4827-8DE1-D292B1F25DE7}.Debug|x86.Build.0 = Debug|Any CPU
		{097C45B4-C66D-4827-8DE1-D292B1F25DE7}.Release|Any CPU.ActiveCfg = Release|Any CPU
		{097C45B4-C66D-4827-8DE1-D292B1F25DE7}.Release|Any CPU.Build.0 = Release|Any CPU
		{097C45B4-C66D-4827-8DE1-D292B1F25DE7}.Release|x64.ActiveCfg = Release|Any CPU
		{097C45B4-C66D-4827-8DE1-D292B1F25DE7}.Release|x64.Build.0 = Release|Any CPU
		{097C45B4-C66D-4827-8DE1-D292B1F25DE7}.Release|x86.ActiveCfg = Release|Any CPU
		{097C45B4-C66D-4827-8DE1-D292B1F25DE7}.Release|x86.Build.0 = Release|Any CPU
		{32447C41-BD20-416E-9B65-F07AB4F77534}.Debug|Any CPU.ActiveCfg = Debug|Any CPU
		{32447C41-BD20-416E-9B65-F07AB4F77534}.Debug|Any CPU.Build.0 = Debug|Any CPU
		{32447C41-BD20-416E-9B65-F07AB4F77534}.Debug|x64.ActiveCfg = Debug|Any CPU
		{32447C41-BD20-416E-9B65-F07AB4F77534}.Debug|x64.Build.0 = Debug|Any CPU
		{32447C41-BD20-416E-9B65-F07AB4F77534}.Debug|x86.ActiveCfg = Debug|Any CPU
		{32447C41-BD20-416E-9B65-F07AB4F77534}.Debug|x86.Build.0 = Debug|Any CPU
		{32447C41-BD20-416E-9B65-F07AB4F77534}.Release|Any CPU.ActiveCfg = Release|Any CPU
		{32447C41-BD20-416E-9B65-F07AB4F77534}.Release|Any CPU.Build.0 = Release|Any CPU
		{32447C41-BD20-416E-9B65-F07AB4F77534}.Release|x64.ActiveCfg = Release|Any CPU
		{32447C41-BD20-416E-9B65-F07AB4F77534}.Release|x64.Build.0 = Release|Any CPU
		{32447C41-BD20-416E-9B65-F07AB4F77534}.Release|x86.ActiveCfg = Release|Any CPU
		{32447C41-BD20-416E-9B65-F07AB4F77534}.Release|x86.Build.0 = Release|Any CPU
		{E9257DF3-C964-4A84-82EF-1D516CE8E562}.Debug|Any CPU.ActiveCfg = Debug|Any CPU
		{E9257DF3-C964-4A84-82EF-1D516CE8E562}.Debug|Any CPU.Build.0 = Debug|Any CPU
		{E9257DF3-C964-4A84-82EF-1D516CE8E562}.Debug|x64.ActiveCfg = Debug|Any CPU
		{E9257DF3-C964-4A84-82EF-1D516CE8E562}.Debug|x64.Build.0 = Debug|Any CPU
		{E9257DF3-C964-4A84-82EF-1D516CE8E562}.Debug|x86.ActiveCfg = Debug|Any CPU
		{E9257DF3-C964-4A84-82EF-1D516CE8E562}.Debug|x86.Build.0 = Debug|Any CPU
		{E9257DF3-C964-4A84-82EF-1D516CE8E562}.Release|Any CPU.ActiveCfg = Release|Any CPU
		{E9257DF3-C964-4A84-82EF-1D516CE8E562}.Release|Any CPU.Build.0 = Release|Any CPU
		{E9257DF3-C964-4A84-82EF-1D516CE8E562}.Release|x64.ActiveCfg = Release|Any CPU
		{E9257DF3-C964-4A84-82EF-1D516CE8E562}.Release|x64.Build.0 = Release|Any CPU
		{E9257DF3-C964-4A84-82EF-1D516CE8E562}.Release|x86.ActiveCfg = Release|Any CPU
		{E9257DF3-C964-4A84-82EF-1D516CE8E562}.Release|x86.Build.0 = Release|Any CPU
	EndGlobalSection
EndGlobal
